// !$*UTF8*$!
{
	archiveVersion = 1;
	classes = {
	};
	objectVersion = 46;
	objects = {

/* Begin PBXBuildFile section */
		D8FDAF0C195A671C00748A76 /* Foundation.framework in Frameworks */ = {isa = PBXBuildFile; fileRef = D8FDAF0B195A671C00748A76 /* Foundation.framework */; };
		D8FDAF0E195A671C00748A76 /* CoreGraphics.framework in Frameworks */ = {isa = PBXBuildFile; fileRef = D8FDAF0D195A671C00748A76 /* CoreGraphics.framework */; };
		D8FDAF10195A671C00748A76 /* UIKit.framework in Frameworks */ = {isa = PBXBuildFile; fileRef = D8FDAF0F195A671C00748A76 /* UIKit.framework */; };
		D8FDAF16195A671C00748A76 /* InfoPlist.strings in Resources */ = {isa = PBXBuildFile; fileRef = D8FDAF14195A671C00748A76 /* InfoPlist.strings */; };
		D8FDAF18195A671C00748A76 /* main.m in Sources */ = {isa = PBXBuildFile; fileRef = D8FDAF17195A671C00748A76 /* main.m */; };
		D8FDAF1C195A671C00748A76 /* MMAppDelegate.m in Sources */ = {isa = PBXBuildFile; fileRef = D8FDAF1B195A671C00748A76 /* MMAppDelegate.m */; };
		D8FDAF1F195A671C00748A76 /* Main.storyboard in Resources */ = {isa = PBXBuildFile; fileRef = D8FDAF1D195A671C00748A76 /* Main.storyboard */; };
		D8FDAF22195A671C00748A76 /* MMMenuViewController.m in Sources */ = {isa = PBXBuildFile; fileRef = D8FDAF21195A671C00748A76 /* MMMenuViewController.m */; };
		D8FDAF24195A671C00748A76 /* Images.xcassets in Resources */ = {isa = PBXBuildFile; fileRef = D8FDAF23195A671C00748A76 /* Images.xcassets */; };
		D8FDAF2B195A671C00748A76 /* XCTest.framework in Frameworks */ = {isa = PBXBuildFile; fileRef = D8FDAF2A195A671C00748A76 /* XCTest.framework */; };
		D8FDAF2C195A671C00748A76 /* Foundation.framework in Frameworks */ = {isa = PBXBuildFile; fileRef = D8FDAF0B195A671C00748A76 /* Foundation.framework */; };
		D8FDAF2D195A671C00748A76 /* UIKit.framework in Frameworks */ = {isa = PBXBuildFile; fileRef = D8FDAF0F195A671C00748A76 /* UIKit.framework */; };
		D8FDAF35195A671C00748A76 /* InfoPlist.strings in Resources */ = {isa = PBXBuildFile; fileRef = D8FDAF33195A671C00748A76 /* InfoPlist.strings */; };
		D8FDAF37195A671C00748A76 /* WIWordFindTests.m in Sources */ = {isa = PBXBuildFile; fileRef = D8FDAF36195A671C00748A76 /* WIWordFindTests.m */; };
		D8FDAF44195A674E00748A76 /* MMLineDrawingView.m in Sources */ = {isa = PBXBuildFile; fileRef = D8FDAF41195A674E00748A76 /* MMLineDrawingView.m */; };
		D8FDAF45195A674E00748A76 /* MMWordFindViewController.m in Sources */ = {isa = PBXBuildFile; fileRef = D8FDAF43195A674E00748A76 /* MMWordFindViewController.m */; };
		D8FDAF48195BB43E00748A76 /* MMStripesBackgroundView.m in Sources */ = {isa = PBXBuildFile; fileRef = D8FDAF47195BB43E00748A76 /* MMStripesBackgroundView.m */; };
		D8FDAF4A195C3E7100748A76 /* iAd.framework in Frameworks */ = {isa = PBXBuildFile; fileRef = D8FDAF49195C3E7100748A76 /* iAd.framework */; };
		D8FDAF51195C445300748A76 /* MMCoordinate.m in Sources */ = {isa = PBXBuildFile; fileRef = D8FDAF50195C445300748A76 /* MMCoordinate.m */; };
		D8FDAF54195C449800748A76 /* MMPosition.m in Sources */ = {isa = PBXBuildFile; fileRef = D8FDAF53195C449800748A76 /* MMPosition.m */; };
		D8FDAF57195C44F800748A76 /* MMWordGrid.m in Sources */ = {isa = PBXBuildFile; fileRef = D8FDAF56195C44F800748A76 /* MMWordGrid.m */; };
/* End PBXBuildFile section */

/* Begin PBXContainerItemProxy section */
		D8FDAF2E195A671C00748A76 /* PBXContainerItemProxy */ = {
			isa = PBXContainerItemProxy;
			containerPortal = D8FDAF00195A671C00748A76 /* Project object */;
			proxyType = 1;
			remoteGlobalIDString = D8FDAF07195A671C00748A76;
			remoteInfo = WIWordFind;
		};
/* End PBXContainerItemProxy section */

/* Begin PBXFileReference section */
		D8FDAF08195A671C00748A76 /* WIWordFind.app */ = {isa = PBXFileReference; explicitFileType = wrapper.application; includeInIndex = 0; path = WIWordFind.app; sourceTree = BUILT_PRODUCTS_DIR; };
		D8FDAF0B195A671C00748A76 /* Foundation.framework */ = {isa = PBXFileReference; lastKnownFileType = wrapper.framework; name = Foundation.framework; path = System/Library/Frameworks/Foundation.framework; sourceTree = SDKROOT; };
		D8FDAF0D195A671C00748A76 /* CoreGraphics.framework */ = {isa = PBXFileReference; lastKnownFileType = wrapper.framework; name = CoreGraphics.framework; path = System/Library/Frameworks/CoreGraphics.framework; sourceTree = SDKROOT; };
		D8FDAF0F195A671C00748A76 /* UIKit.framework */ = {isa = PBXFileReference; lastKnownFileType = wrapper.framework; name = UIKit.framework; path = System/Library/Frameworks/UIKit.framework; sourceTree = SDKROOT; };
		D8FDAF13195A671C00748A76 /* WIWordFind-Info.plist */ = {isa = PBXFileReference; lastKnownFileType = text.plist.xml; path = "WIWordFind-Info.plist"; sourceTree = "<group>"; };
		D8FDAF15195A671C00748A76 /* en */ = {isa = PBXFileReference; lastKnownFileType = text.plist.strings; name = en; path = en.lproj/InfoPlist.strings; sourceTree = "<group>"; };
		D8FDAF17195A671C00748A76 /* main.m */ = {isa = PBXFileReference; lastKnownFileType = sourcecode.c.objc; path = main.m; sourceTree = "<group>"; };
		D8FDAF19195A671C00748A76 /* WIWordFind-Prefix.pch */ = {isa = PBXFileReference; lastKnownFileType = sourcecode.c.h; path = "WIWordFind-Prefix.pch"; sourceTree = "<group>"; };
		D8FDAF1A195A671C00748A76 /* MMAppDelegate.h */ = {isa = PBXFileReference; lastKnownFileType = sourcecode.c.h; path = MMAppDelegate.h; sourceTree = "<group>"; };
		D8FDAF1B195A671C00748A76 /* MMAppDelegate.m */ = {isa = PBXFileReference; lastKnownFileType = sourcecode.c.objc; path = MMAppDelegate.m; sourceTree = "<group>"; };
		D8FDAF1E195A671C00748A76 /* Base */ = {isa = PBXFileReference; lastKnownFileType = file.storyboard; name = Base; path = Base.lproj/Main.storyboard; sourceTree = "<group>"; };
		D8FDAF20195A671C00748A76 /* MMMenuViewController.h */ = {isa = PBXFileReference; lastKnownFileType = sourcecode.c.h; path = MMMenuViewController.h; sourceTree = "<group>"; };
		D8FDAF21195A671C00748A76 /* MMMenuViewController.m */ = {isa = PBXFileReference; lastKnownFileType = sourcecode.c.objc; path = MMMenuViewController.m; sourceTree = "<group>"; };
		D8FDAF23195A671C00748A76 /* Images.xcassets */ = {isa = PBXFileReference; lastKnownFileType = folder.assetcatalog; path = Images.xcassets; sourceTree = "<group>"; };
		D8FDAF29195A671C00748A76 /* WIWordFindTests.xctest */ = {isa = PBXFileReference; explicitFileType = wrapper.cfbundle; includeInIndex = 0; path = WIWordFindTests.xctest; sourceTree = BUILT_PRODUCTS_DIR; };
		D8FDAF2A195A671C00748A76 /* XCTest.framework */ = {isa = PBXFileReference; lastKnownFileType = wrapper.framework; name = XCTest.framework; path = Library/Frameworks/XCTest.framework; sourceTree = DEVELOPER_DIR; };
		D8FDAF32195A671C00748A76 /* WIWordFindTests-Info.plist */ = {isa = PBXFileReference; lastKnownFileType = text.plist.xml; path = "WIWordFindTests-Info.plist"; sourceTree = "<group>"; };
		D8FDAF34195A671C00748A76 /* en */ = {isa = PBXFileReference; lastKnownFileType = text.plist.strings; name = en; path = en.lproj/InfoPlist.strings; sourceTree = "<group>"; };
		D8FDAF36195A671C00748A76 /* WIWordFindTests.m */ = {isa = PBXFileReference; lastKnownFileType = sourcecode.c.objc; path = WIWordFindTests.m; sourceTree = "<group>"; };
		D8FDAF40195A674D00748A76 /* MMLineDrawingView.h */ = {isa = PBXFileReference; fileEncoding = 4; lastKnownFileType = sourcecode.c.h; path = MMLineDrawingView.h; sourceTree = "<group>"; };
		D8FDAF41195A674E00748A76 /* MMLineDrawingView.m */ = {isa = PBXFileReference; fileEncoding = 4; lastKnownFileType = sourcecode.c.objc; path = MMLineDrawingView.m; sourceTree = "<group>"; };
		D8FDAF42195A674E00748A76 /* MMWordFindViewController.h */ = {isa = PBXFileReference; fileEncoding = 4; lastKnownFileType = sourcecode.c.h; path = MMWordFindViewController.h; sourceTree = "<group>"; };
		D8FDAF43195A674E00748A76 /* MMWordFindViewController.m */ = {isa = PBXFileReference; fileEncoding = 4; lastKnownFileType = sourcecode.c.objc; path = MMWordFindViewController.m; sourceTree = "<group>"; };
		D8FDAF46195BB43E00748A76 /* MMStripesBackgroundView.h */ = {isa = PBXFileReference; fileEncoding = 4; lastKnownFileType = sourcecode.c.h; path = MMStripesBackgroundView.h; sourceTree = "<group>"; };
		D8FDAF47195BB43E00748A76 /* MMStripesBackgroundView.m */ = {isa = PBXFileReference; fileEncoding = 4; lastKnownFileType = sourcecode.c.objc; path = MMStripesBackgroundView.m; sourceTree = "<group>"; };
		D8FDAF49195C3E7100748A76 /* iAd.framework */ = {isa = PBXFileReference; lastKnownFileType = wrapper.framework; name = iAd.framework; path = System/Library/Frameworks/iAd.framework; sourceTree = SDKROOT; };
		D8FDAF4F195C445300748A76 /* MMCoordinate.h */ = {isa = PBXFileReference; fileEncoding = 4; lastKnownFileType = sourcecode.c.h; path = MMCoordinate.h; sourceTree = "<group>"; };
		D8FDAF50195C445300748A76 /* MMCoordinate.m */ = {isa = PBXFileReference; fileEncoding = 4; lastKnownFileType = sourcecode.c.objc; path = MMCoordinate.m; sourceTree = "<group>"; };
		D8FDAF52195C449800748A76 /* MMPosition.h */ = {isa = PBXFileReference; fileEncoding = 4; lastKnownFileType = sourcecode.c.h; path = MMPosition.h; sourceTree = "<group>"; };
		D8FDAF53195C449800748A76 /* MMPosition.m */ = {isa = PBXFileReference; fileEncoding = 4; lastKnownFileType = sourcecode.c.objc; path = MMPosition.m; sourceTree = "<group>"; };
		D8FDAF55195C44F800748A76 /* MMWordGrid.h */ = {isa = PBXFileReference; fileEncoding = 4; lastKnownFileType = sourcecode.c.h; path = MMWordGrid.h; sourceTree = "<group>"; };
		D8FDAF56195C44F800748A76 /* MMWordGrid.m */ = {isa = PBXFileReference; fileEncoding = 4; lastKnownFileType = sourcecode.c.objc; path = MMWordGrid.m; sourceTree = "<group>"; };
/* End PBXFileReference section */

/* Begin PBXFrameworksBuildPhase section */
		D8FDAF05195A671C00748A76 /* Frameworks */ = {
			isa = PBXFrameworksBuildPhase;
			buildActionMask = 2147483647;
			files = (
				D8FDAF4A195C3E7100748A76 /* iAd.framework in Frameworks */,
				D8FDAF0E195A671C00748A76 /* CoreGraphics.framework in Frameworks */,
				D8FDAF10195A671C00748A76 /* UIKit.framework in Frameworks */,
				D8FDAF0C195A671C00748A76 /* Foundation.framework in Frameworks */,
			);
			runOnlyForDeploymentPostprocessing = 0;
		};
		D8FDAF26195A671C00748A76 /* Frameworks */ = {
			isa = PBXFrameworksBuildPhase;
			buildActionMask = 2147483647;
			files = (
				D8FDAF2B195A671C00748A76 /* XCTest.framework in Frameworks */,
				D8FDAF2D195A671C00748A76 /* UIKit.framework in Frameworks */,
				D8FDAF2C195A671C00748A76 /* Foundation.framework in Frameworks */,
			);
			runOnlyForDeploymentPostprocessing = 0;
		};
/* End PBXFrameworksBuildPhase section */

/* Begin PBXGroup section */
		D8FDAEFF195A671C00748A76 = {
			isa = PBXGroup;
			children = (
				D8FDAF11195A671C00748A76 /* WIWordFind */,
				D8FDAF30195A671C00748A76 /* WIWordFindTests */,
				D8FDAF0A195A671C00748A76 /* Frameworks */,
				D8FDAF09195A671C00748A76 /* Products */,
			);
			sourceTree = "<group>";
		};
		D8FDAF09195A671C00748A76 /* Products */ = {
			isa = PBXGroup;
			children = (
				D8FDAF08195A671C00748A76 /* WIWordFind.app */,
				D8FDAF29195A671C00748A76 /* WIWordFindTests.xctest */,
			);
			name = Products;
			sourceTree = "<group>";
		};
		D8FDAF0A195A671C00748A76 /* Frameworks */ = {
			isa = PBXGroup;
			children = (
				D8FDAF49195C3E7100748A76 /* iAd.framework */,
				D8FDAF0B195A671C00748A76 /* Foundation.framework */,
				D8FDAF0D195A671C00748A76 /* CoreGraphics.framework */,
				D8FDAF0F195A671C00748A76 /* UIKit.framework */,
				D8FDAF2A195A671C00748A76 /* XCTest.framework */,
			);
			name = Frameworks;
			sourceTree = "<group>";
		};
		D8FDAF11195A671C00748A76 /* WIWordFind */ = {
			isa = PBXGroup;
			children = (
				D8FDAF4B195C444000748A76 /* WordFind */,
				D8FDAF46195BB43E00748A76 /* MMStripesBackgroundView.h */,
				D8FDAF47195BB43E00748A76 /* MMStripesBackgroundView.m */,
				D8FDAF1A195A671C00748A76 /* MMAppDelegate.h */,
				D8FDAF1B195A671C00748A76 /* MMAppDelegate.m */,
				D8FDAF1D195A671C00748A76 /* Main.storyboard */,
				D8FDAF40195A674D00748A76 /* MMLineDrawingView.h */,
				D8FDAF41195A674E00748A76 /* MMLineDrawingView.m */,
				D8FDAF42195A674E00748A76 /* MMWordFindViewController.h */,
				D8FDAF43195A674E00748A76 /* MMWordFindViewController.m */,
				D8FDAF20195A671C00748A76 /* MMMenuViewController.h */,
				D8FDAF21195A671C00748A76 /* MMMenuViewController.m */,
				D8FDAF23195A671C00748A76 /* Images.xcassets */,
				D8FDAF12195A671C00748A76 /* Supporting Files */,
			);
			path = WIWordFind;
			sourceTree = "<group>";
		};
		D8FDAF12195A671C00748A76 /* Supporting Files */ = {
			isa = PBXGroup;
			children = (
				D8FDAF13195A671C00748A76 /* WIWordFind-Info.plist */,
				D8FDAF14195A671C00748A76 /* InfoPlist.strings */,
				D8FDAF17195A671C00748A76 /* main.m */,
				D8FDAF19195A671C00748A76 /* WIWordFind-Prefix.pch */,
			);
			name = "Supporting Files";
			sourceTree = "<group>";
		};
		D8FDAF30195A671C00748A76 /* WIWordFindTests */ = {
			isa = PBXGroup;
			children = (
				D8FDAF36195A671C00748A76 /* WIWordFindTests.m */,
				D8FDAF31195A671C00748A76 /* Supporting Files */,
			);
			path = WIWordFindTests;
			sourceTree = "<group>";
		};
		D8FDAF31195A671C00748A76 /* Supporting Files */ = {
			isa = PBXGroup;
			children = (
				D8FDAF32195A671C00748A76 /* WIWordFindTests-Info.plist */,
				D8FDAF33195A671C00748A76 /* InfoPlist.strings */,
			);
			name = "Supporting Files";
			sourceTree = "<group>";
		};
		D8FDAF4B195C444000748A76 /* WordFind */ = {
			isa = PBXGroup;
			children = (
				D8FDAF4C195C444000748A76 /* MMCoordinate */,
				D8FDAF4D195C444000748A76 /* MMPosition */,
				D8FDAF4E195C444000748A76 /* MMWordGrid */,
			);
			path = WordFind;
			sourceTree = "<group>";
		};
		D8FDAF4C195C444000748A76 /* MMCoordinate */ = {
			isa = PBXGroup;
			children = (
				D8FDAF4F195C445300748A76 /* MMCoordinate.h */,
				D8FDAF50195C445300748A76 /* MMCoordinate.m */,
			);
			path = MMCoordinate;
			sourceTree = "<group>";
		};
		D8FDAF4D195C444000748A76 /* MMPosition */ = {
			isa = PBXGroup;
			children = (
				D8FDAF52195C449800748A76 /* MMPosition.h */,
				D8FDAF53195C449800748A76 /* MMPosition.m */,
			);
			path = MMPosition;
			sourceTree = "<group>";
		};
		D8FDAF4E195C444000748A76 /* MMWordGrid */ = {
			isa = PBXGroup;
			children = (
				D8FDAF55195C44F800748A76 /* MMWordGrid.h */,
				D8FDAF56195C44F800748A76 /* MMWordGrid.m */,
			);
			path = MMWordGrid;
			sourceTree = "<group>";
		};
/* End PBXGroup section */

/* Begin PBXNativeTarget section */
		D8FDAF07195A671C00748A76 /* WIWordFind */ = {
			isa = PBXNativeTarget;
			buildConfigurationList = D8FDAF3A195A671C00748A76 /* Build configuration list for PBXNativeTarget "WIWordFind" */;
			buildPhases = (
				D8FDAF04195A671C00748A76 /* Sources */,
				D8FDAF05195A671C00748A76 /* Frameworks */,
				D8FDAF06195A671C00748A76 /* Resources */,
			);
			buildRules = (
			);
			dependencies = (
			);
			name = WIWordFind;
			productName = WIWordFind;
			productReference = D8FDAF08195A671C00748A76 /* WIWordFind.app */;
			productType = "com.apple.product-type.application";
		};
		D8FDAF28195A671C00748A76 /* WIWordFindTests */ = {
			isa = PBXNativeTarget;
			buildConfigurationList = D8FDAF3D195A671C00748A76 /* Build configuration list for PBXNativeTarget "WIWordFindTests" */;
			buildPhases = (
				D8FDAF25195A671C00748A76 /* Sources */,
				D8FDAF26195A671C00748A76 /* Frameworks */,
				D8FDAF27195A671C00748A76 /* Resources */,
			);
			buildRules = (
			);
			dependencies = (
				D8FDAF2F195A671C00748A76 /* PBXTargetDependency */,
			);
			name = WIWordFindTests;
			productName = WIWordFindTests;
			productReference = D8FDAF29195A671C00748A76 /* WIWordFindTests.xctest */;
			productType = "com.apple.product-type.bundle.unit-test";
		};
/* End PBXNativeTarget section */

/* Begin PBXProject section */
		D8FDAF00195A671C00748A76 /* Project object */ = {
			isa = PBXProject;
			attributes = {
				CLASSPREFIX = MM;
				LastUpgradeCheck = 0510;
				ORGANIZATIONNAME = "Mequon Media LLC";
				TargetAttributes = {
					D8FDAF28195A671C00748A76 = {
						TestTargetID = D8FDAF07195A671C00748A76;
					};
				};
			};
			buildConfigurationList = D8FDAF03195A671C00748A76 /* Build configuration list for PBXProject "WIWordFind" */;
			compatibilityVersion = "Xcode 3.2";
			developmentRegion = English;
			hasScannedForEncodings = 0;
			knownRegions = (
				en,
				Base,
			);
			mainGroup = D8FDAEFF195A671C00748A76;
			productRefGroup = D8FDAF09195A671C00748A76 /* Products */;
			projectDirPath = "";
			projectRoot = "";
			targets = (
				D8FDAF07195A671C00748A76 /* WIWordFind */,
				D8FDAF28195A671C00748A76 /* WIWordFindTests */,
			);
		};
/* End PBXProject section */

/* Begin PBXResourcesBuildPhase section */
		D8FDAF06195A671C00748A76 /* Resources */ = {
			isa = PBXResourcesBuildPhase;
			buildActionMask = 2147483647;
			files = (
				D8FDAF24195A671C00748A76 /* Images.xcassets in Resources */,
				D8FDAF16195A671C00748A76 /* InfoPlist.strings in Resources */,
				D8FDAF1F195A671C00748A76 /* Main.storyboard in Resources */,
			);
			runOnlyForDeploymentPostprocessing = 0;
		};
		D8FDAF27195A671C00748A76 /* Resources */ = {
			isa = PBXResourcesBuildPhase;
			buildActionMask = 2147483647;
			files = (
				D8FDAF35195A671C00748A76 /* InfoPlist.strings in Resources */,
			);
			runOnlyForDeploymentPostprocessing = 0;
		};
/* End PBXResourcesBuildPhase section */

/* Begin PBXSourcesBuildPhase section */
		D8FDAF04195A671C00748A76 /* Sources */ = {
			isa = PBXSourcesBuildPhase;
			buildActionMask = 2147483647;
			files = (
				D8FDAF51195C445300748A76 /* MMCoordinate.m in Sources */,
				D8FDAF1C195A671C00748A76 /* MMAppDelegate.m in Sources */,
				D8FDAF22195A671C00748A76 /* MMMenuViewController.m in Sources */,
				D8FDAF18195A671C00748A76 /* main.m in Sources */,
				D8FDAF44195A674E00748A76 /* MMLineDrawingView.m in Sources */,
				D8FDAF45195A674E00748A76 /* MMWordFindViewController.m in Sources */,
				D8FDAF57195C44F800748A76 /* MMWordGrid.m in Sources */,
				D8FDAF54195C449800748A76 /* MMPosition.m in Sources */,
				D8FDAF48195BB43E00748A76 /* MMStripesBackgroundView.m in Sources */,
			);
			runOnlyForDeploymentPostprocessing = 0;
		};
		D8FDAF25195A671C00748A76 /* Sources */ = {
			isa = PBXSourcesBuildPhase;
			buildActionMask = 2147483647;
			files = (
				D8FDAF37195A671C00748A76 /* WIWordFindTests.m in Sources */,
			);
			runOnlyForDeploymentPostprocessing = 0;
		};
/* End PBXSourcesBuildPhase section */

/* Begin PBXTargetDependency section */
		D8FDAF2F195A671C00748A76 /* PBXTargetDependency */ = {
			isa = PBXTargetDependency;
			target = D8FDAF07195A671C00748A76 /* WIWordFind */;
			targetProxy = D8FDAF2E195A671C00748A76 /* PBXContainerItemProxy */;
		};
/* End PBXTargetDependency section */

/* Begin PBXVariantGroup section */
		D8FDAF14195A671C00748A76 /* InfoPlist.strings */ = {
			isa = PBXVariantGroup;
			children = (
				D8FDAF15195A671C00748A76 /* en */,
			);
			name = InfoPlist.strings;
			sourceTree = "<group>";
		};
		D8FDAF1D195A671C00748A76 /* Main.storyboard */ = {
			isa = PBXVariantGroup;
			children = (
				D8FDAF1E195A671C00748A76 /* Base */,
			);
			name = Main.storyboard;
			sourceTree = "<group>";
		};
		D8FDAF33195A671C00748A76 /* InfoPlist.strings */ = {
			isa = PBXVariantGroup;
			children = (
				D8FDAF34195A671C00748A76 /* en */,
			);
			name = InfoPlist.strings;
			sourceTree = "<group>";
		};
/* End PBXVariantGroup section */

/* Begin XCBuildConfiguration section */
		D8FDAF38195A671C00748A76 /* Debug */ = {
			isa = XCBuildConfiguration;
			buildSettings = {
				ALWAYS_SEARCH_USER_PATHS = NO;
				CLANG_CXX_LANGUAGE_STANDARD = "gnu++0x";
				CLANG_CXX_LIBRARY = "libc++";
				CLANG_ENABLE_MODULES = YES;
				CLANG_ENABLE_OBJC_ARC = YES;
				CLANG_WARN_BOOL_CONVERSION = YES;
				CLANG_WARN_CONSTANT_CONVERSION = YES;
				CLANG_WARN_DIRECT_OBJC_ISA_USAGE = YES_ERROR;
				CLANG_WARN_EMPTY_BODY = YES;
				CLANG_WARN_ENUM_CONVERSION = YES;
				CLANG_WARN_INT_CONVERSION = YES;
				CLANG_WARN_OBJC_ROOT_CLASS = YES_ERROR;
				CLANG_WARN__DUPLICATE_METHOD_MATCH = YES;
				"CODE_SIGN_IDENTITY[sdk=iphoneos*]" = "iPhone Developer";
				COPY_PHASE_STRIP = NO;
				GCC_C_LANGUAGE_STANDARD = gnu99;
				GCC_DYNAMIC_NO_PIC = NO;
				GCC_OPTIMIZATION_LEVEL = 0;
				GCC_PREPROCESSOR_DEFINITIONS = (
					"DEBUG=1",
					"$(inherited)",
				);
				GCC_SYMBOLS_PRIVATE_EXTERN = NO;
				GCC_WARN_64_TO_32_BIT_CONVERSION = YES;
				GCC_WARN_ABOUT_RETURN_TYPE = YES_ERROR;
				GCC_WARN_UNDECLARED_SELECTOR = YES;
				GCC_WARN_UNINITIALIZED_AUTOS = YES_AGGRESSIVE;
				GCC_WARN_UNUSED_FUNCTION = YES;
				GCC_WARN_UNUSED_VARIABLE = YES;
				IPHONEOS_DEPLOYMENT_TARGET = 7.1;
				ONLY_ACTIVE_ARCH = YES;
				SDKROOT = iphoneos;
			};
			name = Debug;
		};
		D8FDAF39195A671C00748A76 /* Release */ = {
			isa = XCBuildConfiguration;
			buildSettings = {
				ALWAYS_SEARCH_USER_PATHS = NO;
				CLANG_CXX_LANGUAGE_STANDARD = "gnu++0x";
				CLANG_CXX_LIBRARY = "libc++";
				CLANG_ENABLE_MODULES = YES;
				CLANG_ENABLE_OBJC_ARC = YES;
				CLANG_WARN_BOOL_CONVERSION = YES;
				CLANG_WARN_CONSTANT_CONVERSION = YES;
				CLANG_WARN_DIRECT_OBJC_ISA_USAGE = YES_ERROR;
				CLANG_WARN_EMPTY_BODY = YES;
				CLANG_WARN_ENUM_CONVERSION = YES;
				CLANG_WARN_INT_CONVERSION = YES;
				CLANG_WARN_OBJC_ROOT_CLASS = YES_ERROR;
				CLANG_WARN__DUPLICATE_METHOD_MATCH = YES;
				"CODE_SIGN_IDENTITY[sdk=iphoneos*]" = "iPhone Developer";
				COPY_PHASE_STRIP = YES;
				ENABLE_NS_ASSERTIONS = NO;
				GCC_C_LANGUAGE_STANDARD = gnu99;
				GCC_WARN_64_TO_32_BIT_CONVERSION = YES;
				GCC_WARN_ABOUT_RETURN_TYPE = YES_ERROR;
				GCC_WARN_UNDECLARED_SELECTOR = YES;
				GCC_WARN_UNINITIALIZED_AUTOS = YES_AGGRESSIVE;
				GCC_WARN_UNUSED_FUNCTION = YES;
				GCC_WARN_UNUSED_VARIABLE = YES;
				IPHONEOS_DEPLOYMENT_TARGET = 7.1;
				SDKROOT = iphoneos;
				VALIDATE_PRODUCT = YES;
			};
			name = Release;
		};
		D8FDAF3B195A671C00748A76 /* Debug */ = {
			isa = XCBuildConfiguration;
			buildSettings = {
				ASSETCATALOG_COMPILER_APPICON_NAME = AppIcon;
				ASSETCATALOG_COMPILER_LAUNCHIMAGE_NAME = LaunchImage;
				GCC_PRECOMPILE_PREFIX_HEADER = YES;
				GCC_PREFIX_HEADER = "WIWordFind/WIWordFind-Prefix.pch";
				INFOPLIST_FILE = "WIWordFind/WIWordFind-Info.plist";
				PRODUCT_NAME = "$(TARGET_NAME)";
				WRAPPER_EXTENSION = app;
			};
			name = Debug;
		};
		D8FDAF3C195A671C00748A76 /* Release */ = {
			isa = XCBuildConfiguration;
			buildSettings = {
				ASSETCATALOG_COMPILER_APPICON_NAME = AppIcon;
				ASSETCATALOG_COMPILER_LAUNCHIMAGE_NAME = LaunchImage;
				GCC_PRECOMPILE_PREFIX_HEADER = YES;
				GCC_PREFIX_HEADER = "WIWordFind/WIWordFind-Prefix.pch";
				INFOPLIST_FILE = "WIWordFind/WIWordFind-Info.plist";
				PRODUCT_NAME = "$(TARGET_NAME)";
				WRAPPER_EXTENSION = app;
			};
			name = Release;
		};
		D8FDAF3E195A671C00748A76 /* Debug */ = {
			isa = XCBuildConfiguration;
			buildSettings = {
				BUNDLE_LOADER = "$(BUILT_PRODUCTS_DIR)/WIWordFind.app/WIWordFind";
				FRAMEWORK_SEARCH_PATHS = (
					"$(SDKROOT)/Developer/Library/Frameworks",
					"$(inherited)",
					"$(DEVELOPER_FRAMEWORKS_DIR)",
				);
				GCC_PRECOMPILE_PREFIX_HEADER = YES;
				GCC_PREFIX_HEADER = "WIWordFind/WIWordFind-Prefix.pch";
				GCC_PREPROCESSOR_DEFINITIONS = (
					"DEBUG=1",
					"$(inherited)",
				);
				INFOPLIST_FILE = "WIWordFindTests/WIWordFindTests-Info.plist";
				PRODUCT_NAME = "$(TARGET_NAME)";
				TEST_HOST = "$(BUNDLE_LOADER)";
				WRAPPER_EXTENSION = xctest;
			};
			name = Debug;
		};
		D8FDAF3F195A671C00748A76 /* Release */ = {
			isa = XCBuildConfiguration;
			buildSettings = {
				BUNDLE_LOADER = "$(BUILT_PRODUCTS_DIR)/WIWordFind.app/WIWordFind";
				FRAMEWORK_SEARCH_PATHS = (
					"$(SDKROOT)/Developer/Library/Frameworks",
					"$(inherited)",
					"$(DEVELOPER_FRAMEWORKS_DIR)",
				);
				GCC_PRECOMPILE_PREFIX_HEADER = YES;
				GCC_PREFIX_HEADER = "WIWordFind/WIWordFind-Prefix.pch";
				INFOPLIST_FILE = "WIWordFindTests/WIWordFindTests-Info.plist";
				PRODUCT_NAME = "$(TARGET_NAME)";
				TEST_HOST = "$(BUNDLE_LOADER)";
				WRAPPER_EXTENSION = xctest;
			};
			name = Release;
		};
/* End XCBuildConfiguration section */

/* Begin XCConfigurationList section */
		D8FDAF03195A671C00748A76 /* Build configuration list for PBXProject "WIWordFind" */ = {
			isa = XCConfigurationList;
			buildConfigurations = (
				D8FDAF38195A671C00748A76 /* Debug */,
				D8FDAF39195A671C00748A76 /* Release */,
			);
			defaultConfigurationIsVisible = 0;
			defaultConfigurationName = Release;
		};
		D8FDAF3A195A671C00748A76 /* Build configuration list for PBXNativeTarget "WIWordFind" */ = {
			isa = XCConfigurationList;
			buildConfigurations = (
				D8FDAF3B195A671C00748A76 /* Debug */,
				D8FDAF3C195A671C00748A76 /* Release */,
			);
			defaultConfigurationIsVisible = 0;
		};
		D8FDAF3D195A671C00748A76 /* Build configuration list for PBXNativeTarget "WIWordFindTests" */ = {
			isa = XCConfigurationList;
			buildConfigurations = (
				D8FDAF3E195A671C00748A76 /* Debug */,
				D8FDAF3F195A671C00748A76 /* Release */,
			);
			defaultConfigurationIsVisible = 0;
		};
/* End XCConfigurationList section */
	};
	rootObject = D8FDAF00195A671C00748A76 /* Project object */;
}
